
Microsoft Visual Studio Solution File, Format Version 12.00
# Visual Studio Version 16
VisualStudioVersion = 16.0.31624.102
MinimumVisualStudioVersion = 10.0.40219.1
Project("{FAE04EC0-301F-11D3-BF4B-00C04F79EFBC}") = "HealthCheckBasicTutorial", "HealthCheckBasicTutorial.csproj", "{7111B6D9-5D4A-47AA-A757-B700A0A78DAD}"
EndProject
Global
	GlobalSection(SolutionConfigurationPlatforms) = preSolution
		Debug|Any CPU = Debug|Any CPU
		Release|Any CPU = Release|Any CPU
	EndGlobalSection
	GlobalSection(ProjectConfigurationPlatforms) = postSolution
		{7111B6D9-5D4A-47AA-A757-B700A0A78DAD}.Debug|Any CPU.ActiveCfg = Debug|Any CPU
		{7111B6D9-5D4A-47AA-A757-B700A0A78DAD}.Debug|Any CPU.Build.0 = Debug|Any CPU
		{7111B6D9-5D4A-47AA-A757-B700A0A78DAD}.Release|Any CPU.ActiveCfg = Release|Any CPU
		{7111B6D9-5D4A-47AA-A757-B700A0A78DAD}.Release|Any CPU.Build.0 = Release|Any CPU
	EndGlobalSection
	GlobalSection(SolutionProperties) = preSolution
		HideSolutionNode = FALSE
	EndGlobalSection
	GlobalSection(ExtensibilityGlobals) = postSolution
		SolutionGuid = {EC29C95C-F6F6-45DB-8568-A727BFA50437}
	EndGlobalSection
EndGlobal
